// !$*UTF8*$!
{
	archiveVersion = 1;
	classes = {
	};
	objectVersion = 56;
	objects = {

/* Begin PBXBuildFile section */
		E71239D629567AFE00D9E644 /* Launch Screen.storyboard in Resources */ = {isa = PBXBuildFile; fileRef = E71239D529567AFE00D9E644 /* Launch Screen.storyboard */; };
		E73849E5296BB5710063F066 /* FirebaseViewModel.swift in Sources */ = {isa = PBXBuildFile; fileRef = E73849E4296BB5710063F066 /* FirebaseViewModel.swift */; };
		E74D0BB9290AED5500006486 /* VentanaIoTApp.swift in Sources */ = {isa = PBXBuildFile; fileRef = E74D0BB8290AED5500006486 /* VentanaIoTApp.swift */; };
		E74D0BBB290AED5500006486 /* ContentView.swift in Sources */ = {isa = PBXBuildFile; fileRef = E74D0BBA290AED5500006486 /* ContentView.swift */; };
		E74D0BBD290AED5700006486 /* Assets.xcassets in Resources */ = {isa = PBXBuildFile; fileRef = E74D0BBC290AED5700006486 /* Assets.xcassets */; };
		E74D0BC0290AED5700006486 /* Preview Assets.xcassets in Resources */ = {isa = PBXBuildFile; fileRef = E74D0BBF290AED5700006486 /* Preview Assets.xcassets */; };
		E755F211290CEF9800A037FC /* LoginScreen.swift in Sources */ = {isa = PBXBuildFile; fileRef = E755F210290CEF9700A037FC /* LoginScreen.swift */; };
		E7743CA1290D83FC00E843A7 /* JoinScreen.swift in Sources */ = {isa = PBXBuildFile; fileRef = E7743CA0290D83FC00E843A7 /* JoinScreen.swift */; };
		E7743CA3290D850000E843A7 /* RecoverScreen.swift in Sources */ = {isa = PBXBuildFile; fileRef = E7743CA2290D850000E843A7 /* RecoverScreen.swift */; };
		E7743CA5290D97DA00E843A7 /* UserScreen.swift in Sources */ = {isa = PBXBuildFile; fileRef = E7743CA4290D97DA00E843A7 /* UserScreen.swift */; };
		E7E0211A295772B20095D441 /* GoogleService-Info.plist in Resources */ = {isa = PBXBuildFile; fileRef = E7E02119295772B20095D441 /* GoogleService-Info.plist */; };
		E7E0211D295775300095D441 /* FirebaseAuth in Frameworks */ = {isa = PBXBuildFile; productRef = E7E0211C295775300095D441 /* FirebaseAuth */; };
		E7E0211F295775300095D441 /* FirebaseDatabase in Frameworks */ = {isa = PBXBuildFile; productRef = E7E0211E295775300095D441 /* FirebaseDatabase */; };
		E7E02121295775300095D441 /* FirebaseFirestore in Frameworks */ = {isa = PBXBuildFile; productRef = E7E02120295775300095D441 /* FirebaseFirestore */; };
		E7E02123295775300095D441 /* FirebaseStorage in Frameworks */ = {isa = PBXBuildFile; productRef = E7E02122295775300095D441 /* FirebaseStorage */; };
		E7E02125295776620095D441 /* AppDelegate.swift in Sources */ = {isa = PBXBuildFile; fileRef = E7E02124295776620095D441 /* AppDelegate.swift */; };
/* End PBXBuildFile section */

/* Begin PBXFileReference section */
		E71239D529567AFE00D9E644 /* Launch Screen.storyboard */ = {isa = PBXFileReference; lastKnownFileType = file.storyboard; path = "Launch Screen.storyboard"; sourceTree = "<group>"; };
		E73849E4296BB5710063F066 /* FirebaseViewModel.swift */ = {isa = PBXFileReference; lastKnownFileType = sourcecode.swift; path = FirebaseViewModel.swift; sourceTree = "<group>"; };
		E74D0BB5290AED5500006486 /* VentanaIoT.app */ = {isa = PBXFileReference; explicitFileType = wrapper.application; includeInIndex = 0; path = VentanaIoT.app; sourceTree = BUILT_PRODUCTS_DIR; };
		E74D0BB8290AED5500006486 /* VentanaIoTApp.swift */ = {isa = PBXFileReference; lastKnownFileType = sourcecode.swift; path = VentanaIoTApp.swift; sourceTree = "<group>"; };
		E74D0BBA290AED5500006486 /* ContentView.swift */ = {isa = PBXFileReference; lastKnownFileType = sourcecode.swift; path = ContentView.swift; sourceTree = "<group>"; };
		E74D0BBC290AED5700006486 /* Assets.xcassets */ = {isa = PBXFileReference; lastKnownFileType = folder.assetcatalog; path = Assets.xcassets; sourceTree = "<group>"; };
		E74D0BBF290AED5700006486 /* Preview Assets.xcassets */ = {isa = PBXFileReference; lastKnownFileType = folder.assetcatalog; path = "Preview Assets.xcassets"; sourceTree = "<group>"; };
		E755F210290CEF9700A037FC /* LoginScreen.swift */ = {isa = PBXFileReference; lastKnownFileType = sourcecode.swift; path = LoginScreen.swift; sourceTree = "<group>"; };
		E7743CA0290D83FC00E843A7 /* JoinScreen.swift */ = {isa = PBXFileReference; lastKnownFileType = sourcecode.swift; path = JoinScreen.swift; sourceTree = "<group>"; };
		E7743CA2290D850000E843A7 /* RecoverScreen.swift */ = {isa = PBXFileReference; lastKnownFileType = sourcecode.swift; path = RecoverScreen.swift; sourceTree = "<group>"; };
		E7743CA4290D97DA00E843A7 /* UserScreen.swift */ = {isa = PBXFileReference; lastKnownFileType = sourcecode.swift; path = UserScreen.swift; sourceTree = "<group>"; };
		E7E02119295772B20095D441 /* GoogleService-Info.plist */ = {isa = PBXFileReference; fileEncoding = 4; lastKnownFileType = text.plist.xml; path = "GoogleService-Info.plist"; sourceTree = "<group>"; };
		E7E02124295776620095D441 /* AppDelegate.swift */ = {isa = PBXFileReference; lastKnownFileType = sourcecode.swift; path = AppDelegate.swift; sourceTree = "<group>"; };
/* End PBXFileReference section */

/* Begin PBXFrameworksBuildPhase section */
		E74D0BB2290AED5500006486 /* Frameworks */ = {
			isa = PBXFrameworksBuildPhase;
			buildActionMask = 2147483647;
			files = (
				E7E0211F295775300095D441 /* FirebaseDatabase in Frameworks */,
				E7E02123295775300095D441 /* FirebaseStorage in Frameworks */,
				E7E0211D295775300095D441 /* FirebaseAuth in Frameworks */,
				E7E02121295775300095D441 /* FirebaseFirestore in Frameworks */,
			);
			runOnlyForDeploymentPostprocessing = 0;
		};
/* End PBXFrameworksBuildPhase section */

/* Begin PBXGroup section */
		E73849E3296BB53B0063F066 /* VViewModel */ = {
			isa = PBXGroup;
			children = (
				E73849E4296BB5710063F066 /* FirebaseViewModel.swift */,
			);
			path = VViewModel;
			sourceTree = "<group>";
		};
		E74D0BAC290AED5500006486 = {
			isa = PBXGroup;
			children = (
				E71239D529567AFE00D9E644 /* Launch Screen.storyboard */,
				E74D0BB7290AED5500006486 /* VentanaIoT */,
				E74D0BB6290AED5500006486 /* Products */,
			);
			sourceTree = "<group>";
		};
		E74D0BB6290AED5500006486 /* Products */ = {
			isa = PBXGroup;
			children = (
				E74D0BB5290AED5500006486 /* VentanaIoT.app */,
			);
			name = Products;
			sourceTree = "<group>";
		};
		E74D0BB7290AED5500006486 /* VentanaIoT */ = {
			isa = PBXGroup;
			children = (
				E73849E3296BB53B0063F066 /* VViewModel */,
				E7743CA6290D97E800E843A7 /* Views */,
				E74D0BBC290AED5700006486 /* Assets.xcassets */,
				E74D0BBE290AED5700006486 /* Preview Content */,
			);
			path = VentanaIoT;
			sourceTree = "<group>";
		};
		E74D0BBE290AED5700006486 /* Preview Content */ = {
			isa = PBXGroup;
			children = (
				E74D0BBF290AED5700006486 /* Preview Assets.xcassets */,
			);
			path = "Preview Content";
			sourceTree = "<group>";
		};
		E7743CA6290D97E800E843A7 /* Views */ = {
			isa = PBXGroup;
			children = (
				E7E02124295776620095D441 /* AppDelegate.swift */,
				E74D0BB8290AED5500006486 /* VentanaIoTApp.swift */,
				E74D0BBA290AED5500006486 /* ContentView.swift */,
				E755F210290CEF9700A037FC /* LoginScreen.swift */,
				E7743CA0290D83FC00E843A7 /* JoinScreen.swift */,
				E7743CA2290D850000E843A7 /* RecoverScreen.swift */,
				E7743CA4290D97DA00E843A7 /* UserScreen.swift */,
				E7E02119295772B20095D441 /* GoogleService-Info.plist */,
			);
			path = Views;
			sourceTree = "<group>";
		};
/* End PBXGroup section */

/* Begin PBXNativeTarget section */
		E74D0BB4290AED5500006486 /* VentanaIoT */ = {
			isa = PBXNativeTarget;
			buildConfigurationList = E74D0BC3290AED5700006486 /* Build configuration list for PBXNativeTarget "VentanaIoT" */;
			buildPhases = (
				E74D0BB1290AED5500006486 /* Sources */,
				E74D0BB2290AED5500006486 /* Frameworks */,
				E74D0BB3290AED5500006486 /* Resources */,
			);
			buildRules = (
			);
			dependencies = (
			);
			name = VentanaIoT;
			packageProductDependencies = (
				E7E0211C295775300095D441 /* FirebaseAuth */,
				E7E0211E295775300095D441 /* FirebaseDatabase */,
				E7E02120295775300095D441 /* FirebaseFirestore */,
				E7E02122295775300095D441 /* FirebaseStorage */,
			);
			productName = VentanaIoT;
			productReference = E74D0BB5290AED5500006486 /* VentanaIoT.app */;
			productType = "com.apple.product-type.application";
		};
/* End PBXNativeTarget section */

/* Begin PBXProject section */
		E74D0BAD290AED5500006486 /* Project object */ = {
			isa = PBXProject;
			attributes = {
				BuildIndependentTargetsInParallel = 1;
				LastSwiftUpdateCheck = 1400;
				LastUpgradeCheck = 1400;
				TargetAttributes = {
					E74D0BB4290AED5500006486 = {
						CreatedOnToolsVersion = 14.0.1;
					};
				};
			};
			buildConfigurationList = E74D0BB0290AED5500006486 /* Build configuration list for PBXProject "VentanaIoT" */;
			compatibilityVersion = "Xcode 14.0";
			developmentRegion = en;
			hasScannedForEncodings = 0;
			knownRegions = (
				en,
				Base,
			);
			mainGroup = E74D0BAC290AED5500006486;
			packageReferences = (
				E7E0211B295775300095D441 /* XCRemoteSwiftPackageReference "firebase-ios-sdk" */,
			);
			productRefGroup = E74D0BB6290AED5500006486 /* Products */;
			projectDirPath = "";
			projectRoot = "";
			targets = (
				E74D0BB4290AED5500006486 /* VentanaIoT */,
			);
		};
/* End PBXProject section */

/* Begin PBXResourcesBuildPhase section */
		E74D0BB3290AED5500006486 /* Resources */ = {
			isa = PBXResourcesBuildPhase;
			buildActionMask = 2147483647;
			files = (
				E71239D629567AFE00D9E644 /* Launch Screen.storyboard in Resources */,
				E7E0211A295772B20095D441 /* GoogleService-Info.plist in Resources */,
				E74D0BC0290AED5700006486 /* Preview Assets.xcassets in Resources */,
				E74D0BBD290AED5700006486 /* Assets.xcassets in Resources */,
			);
			runOnlyForDeploymentPostprocessing = 0;
		};
/* End PBXResourcesBuildPhase section */

/* Begin PBXSourcesBuildPhase section */
		E74D0BB1290AED5500006486 /* Sources */ = {
			isa = PBXSourcesBuildPhase;
			buildActionMask = 2147483647;
			files = (
				E74D0BBB290AED5500006486 /* ContentView.swift in Sources */,
				E74D0BB9290AED5500006486 /* VentanaIoTApp.swift in Sources */,
				E7743CA5290D97DA00E843A7 /* UserScreen.swift in Sources */,
				E7743CA3290D850000E843A7 /* RecoverScreen.swift in Sources */,
				E7E02125295776620095D441 /* AppDelegate.swift in Sources */,
				E755F211290CEF9800A037FC /* LoginScreen.swift in Sources */,
				E7743CA1290D83FC00E843A7 /* JoinScreen.swift in Sources */,
				E73849E5296BB5710063F066 /* FirebaseViewModel.swift in Sources */,
			);
			runOnlyForDeploymentPostprocessing = 0;
		};
/* End PBXSourcesBuildPhase section */

/* Begin XCBuildConfiguration section */
		E74D0BC1290AED5700006486 /* Debug */ = {
			isa = XCBuildConfiguration;
			buildSettings = {
				ALWAYS_SEARCH_USER_PATHS = NO;
				CLANG_ANALYZER_NONNULL = YES;
				CLANG_ANALYZER_NUMBER_OBJECT_CONVERSION = YES_AGGRESSIVE;
				CLANG_CXX_LANGUAGE_STANDARD = "gnu++20";
				CLANG_ENABLE_MODULES = YES;
				CLANG_ENABLE_OBJC_ARC = YES;
				CLANG_ENABLE_OBJC_WEAK = YES;
				CLANG_WARN_BLOCK_CAPTURE_AUTORELEASING = YES;
				CLANG_WARN_BOOL_CONVERSION = YES;
				CLANG_WARN_COMMA = YES;
				CLANG_WARN_CONSTANT_CONVERSION = YES;
				CLANG_WARN_DEPRECATED_OBJC_IMPLEMENTATIONS = YES;
				CLANG_WARN_DIRECT_OBJC_ISA_USAGE = YES_ERROR;
				CLANG_WARN_DOCUMENTATION_COMMENTS = YES;
				CLANG_WARN_EMPTY_BODY = YES;
				CLANG_WARN_ENUM_CONVERSION = YES;
				CLANG_WARN_INFINITE_RECURSION = YES;
				CLANG_WARN_INT_CONVERSION = YES;
				CLANG_WARN_NON_LITERAL_NULL_CONVERSION = YES;
				CLANG_WARN_OBJC_IMPLICIT_RETAIN_SELF = YES;
				CLANG_WARN_OBJC_LITERAL_CONVERSION = YES;
				CLANG_WARN_OBJC_ROOT_CLASS = YES_ERROR;
				CLANG_WARN_QUOTED_INCLUDE_IN_FRAMEWORK_HEADER = YES;
				CLANG_WARN_RANGE_LOOP_ANALYSIS = YES;
				CLANG_WARN_STRICT_PROTOTYPES = YES;
				CLANG_WARN_SUSPICIOUS_MOVE = YES;
				CLANG_WARN_UNGUARDED_AVAILABILITY = YES_AGGRESSIVE;
				CLANG_WARN_UNREACHABLE_CODE = YES;
				CLANG_WARN__DUPLICATE_METHOD_MATCH = YES;
				COPY_PHASE_STRIP = NO;
				DEBUG_INFORMATION_FORMAT = dwarf;
				ENABLE_STRICT_OBJC_MSGSEND = YES;
				ENABLE_TESTABILITY = YES;
				GCC_C_LANGUAGE_STANDARD = gnu11;
				GCC_DYNAMIC_NO_PIC = NO;
				GCC_NO_COMMON_BLOCKS = YES;
				GCC_OPTIMIZATION_LEVEL = 0;
				GCC_PREPROCESSOR_DEFINITIONS = (
					"DEBUG=1",
					"$(inherited)",
				);
				GCC_WARN_64_TO_32_BIT_CONVERSION = YES;
				GCC_WARN_ABOUT_RETURN_TYPE = YES_ERROR;
				GCC_WARN_UNDECLARED_SELECTOR = YES;
				GCC_WARN_UNINITIALIZED_AUTOS = YES_AGGRESSIVE;
				GCC_WARN_UNUSED_FUNCTION = YES;
				GCC_WARN_UNUSED_VARIABLE = YES;
				IPHONEOS_DEPLOYMENT_TARGET = 16.0;
				MTL_ENABLE_DEBUG_INFO = INCLUDE_SOURCE;
				MTL_FAST_MATH = YES;
				ONLY_ACTIVE_ARCH = YES;
				SDKROOT = iphoneos;
				SWIFT_ACTIVE_COMPILATION_CONDITIONS = DEBUG;
				SWIFT_OPTIMIZATION_LEVEL = "-Onone";
			};
			name = Debug;
		};
		E74D0BC2290AED5700006486 /* Release */ = {
			isa = XCBuildConfiguration;
			buildSettings = {
				ALWAYS_SEARCH_USER_PATHS = NO;
				CLANG_ANALYZER_NONNULL = YES;
				CLANG_ANALYZER_NUMBER_OBJECT_CONVERSION = YES_AGGRESSIVE;
				CLANG_CXX_LANGUAGE_STANDARD = "gnu++20";
				CLANG_ENABLE_MODULES = YES;
				CLANG_ENABLE_OBJC_ARC = YES;
				CLANG_ENABLE_OBJC_WEAK = YES;
				CLANG_WARN_BLOCK_CAPTURE_AUTORELEASING = YES;
				CLANG_WARN_BOOL_CONVERSION = YES;
				CLANG_WARN_COMMA = YES;
				CLANG_WARN_CONSTANT_CONVERSION = YES;
				CLANG_WARN_DEPRECATED_OBJC_IMPLEMENTATIONS = YES;
				CLANG_WARN_DIRECT_OBJC_ISA_USAGE = YES_ERROR;
				CLANG_WARN_DOCUMENTATION_COMMENTS = YES;
				CLANG_WARN_EMPTY_BODY = YES;
				CLANG_WARN_ENUM_CONVERSION = YES;
				CLANG_WARN_INFINITE_RECURSION = YES;
				CLANG_WARN_INT_CONVERSION = YES;
				CLANG_WARN_NON_LITERAL_NULL_CONVERSION = YES;
				CLANG_WARN_OBJC_IMPLICIT_RETAIN_SELF = YES;
				CLANG_WARN_OBJC_LITERAL_CONVERSION = YES;
				CLANG_WARN_OBJC_ROOT_CLASS = YES_ERROR;
				CLANG_WARN_QUOTED_INCLUDE_IN_FRAMEWORK_HEADER = YES;
				CLANG_WARN_RANGE_LOOP_ANALYSIS = YES;
				CLANG_WARN_STRICT_PROTOTYPES = YES;
				CLANG_WARN_SUSPICIOUS_MOVE = YES;
				CLANG_WARN_UNGUARDED_AVAILABILITY = YES_AGGRESSIVE;
				CLANG_WARN_UNREACHABLE_CODE = YES;
				CLANG_WARN__DUPLICATE_METHOD_MATCH = YES;
				COPY_PHASE_STRIP = NO;
				DEBUG_INFORMATION_FORMAT = "dwarf-with-dsym";
				ENABLE_NS_ASSERTIONS = NO;
				ENABLE_STRICT_OBJC_MSGSEND = YES;
				GCC_C_LANGUAGE_STANDARD = gnu11;
				GCC_NO_COMMON_BLOCKS = YES;
				GCC_WARN_64_TO_32_BIT_CONVERSION = YES;
				GCC_WARN_ABOUT_RETURN_TYPE = YES_ERROR;
				GCC_WARN_UNDECLARED_SELECTOR = YES;
				GCC_WARN_UNINITIALIZED_AUTOS = YES_AGGRESSIVE;
				GCC_WARN_UNUSED_FUNCTION = YES;
				GCC_WARN_UNUSED_VARIABLE = YES;
				IPHONEOS_DEPLOYMENT_TARGET = 16.0;
				MTL_ENABLE_DEBUG_INFO = NO;
				MTL_FAST_MATH = YES;
				SDKROOT = iphoneos;
				SWIFT_COMPILATION_MODE = wholemodule;
				SWIFT_OPTIMIZATION_LEVEL = "-O";
				VALIDATE_PRODUCT = YES;
			};
			name = Release;
		};
		E74D0BC4290AED5700006486 /* Debug */ = {
			isa = XCBuildConfiguration;
			buildSettings = {
				ASSETCATALOG_COMPILER_APPICON_NAME = AppIcon;
				ASSETCATALOG_COMPILER_GLOBAL_ACCENT_COLOR_NAME = AccentColor;
				CODE_SIGN_STYLE = Automatic;
				CURRENT_PROJECT_VERSION = 1;
				DEVELOPMENT_ASSET_PATHS = "\"VentanaIoT/Preview Content\"";
				DEVELOPMENT_TEAM = 4K64BDT7J9;
				ENABLE_PREVIEWS = YES;
				GENERATE_INFOPLIST_FILE = YES;
				INFOPLIST_KEY_UIApplicationSceneManifest_Generation = YES;
				INFOPLIST_KEY_UIApplicationSupportsIndirectInputEvents = YES;
				INFOPLIST_KEY_UILaunchScreen_Generation = YES;
				INFOPLIST_KEY_UISupportedInterfaceOrientations_iPad = "UIInterfaceOrientationPortrait UIInterfaceOrientationPortraitUpsideDown UIInterfaceOrientationLandscapeLeft UIInterfaceOrientationLandscapeRight";
				INFOPLIST_KEY_UISupportedInterfaceOrientations_iPhone = "UIInterfaceOrientationPortrait UIInterfaceOrientationLandscapeLeft UIInterfaceOrientationLandscapeRight";
				IPHONEOS_DEPLOYMENT_TARGET = 14.0;
				LD_RUNPATH_SEARCH_PATHS = (
					"$(inherited)",
					"@executable_path/Frameworks",
				);
				MARKETING_VERSION = 1.0;
				PRODUCT_BUNDLE_IDENTIFIER = TestRJM.VentanaIoT;
				PRODUCT_NAME = "$(TARGET_NAME)";
				SWIFT_EMIT_LOC_STRINGS = YES;
				SWIFT_VERSION = 5.0;
				TARGETED_DEVICE_FAMILY = "1,2";
			};
			name = Debug;
		};
		E74D0BC5290AED5700006486 /* Release */ = {
			isa = XCBuildConfiguration;
			buildSettings = {
				ASSETCATALOG_COMPILER_APPICON_NAME = AppIcon;
				ASSETCATALOG_COMPILER_GLOBAL_ACCENT_COLOR_NAME = AccentColor;
				CODE_SIGN_STYLE = Automatic;
				CURRENT_PROJECT_VERSION = 1;
				DEVELOPMENT_ASSET_PATHS = "\"VentanaIoT/Preview Content\"";
				DEVELOPMENT_TEAM = 4K64BDT7J9;
				ENABLE_PREVIEWS = YES;
				GENERATE_INFOPLIST_FILE = YES;
				INFOPLIST_KEY_UIApplicationSceneManifest_Generation = YES;
				INFOPLIST_KEY_UIApplicationSupportsIndirectInputEvents = YES;
				INFOPLIST_KEY_UILaunchScreen_Generation = YES;
				INFOPLIST_KEY_UISupportedInterfaceOrientations_iPad = "UIInterfaceOrientationPortrait UIInterfaceOrientationPortraitUpsideDown UIInterfaceOrientationLandscapeLeft UIInterfaceOrientationLandscapeRight";
				INFOPLIST_KEY_UISupportedInterfaceOrientations_iPhone = "UIInterfaceOrientationPortrait UIInterfaceOrientationLandscapeLeft UIInterfaceOrientationLandscapeRight";
				IPHONEOS_DEPLOYMENT_TARGET = 14.0;
				LD_RUNPATH_SEARCH_PATHS = (
					"$(inherited)",
					"@executable_path/Frameworks",
				);
				MARKETING_VERSION = 1.0;
				PRODUCT_BUNDLE_IDENTIFIER = TestRJM.VentanaIoT;
				PRODUCT_NAME = "$(TARGET_NAME)";
				SWIFT_EMIT_LOC_STRINGS = YES;
				SWIFT_VERSION = 5.0;
				TARGETED_DEVICE_FAMILY = "1,2";
			};
			name = Release;
		};
/* End XCBuildConfiguration section */

/* Begin XCConfigurationList section */
		E74D0BB0290AED5500006486 /* Build configuration list for PBXProject "VentanaIoT" */ = {
			isa = XCConfigurationList;
			buildConfigurations = (
				E74D0BC1290AED5700006486 /* Debug */,
				E74D0BC2290AED5700006486 /* Release */,
			);
			defaultConfigurationIsVisible = 0;
			defaultConfigurationName = Release;
		};
		E74D0BC3290AED5700006486 /* Build configuration list for PBXNativeTarget "VentanaIoT" */ = {
			isa = XCConfigurationList;
			buildConfigurations = (
				E74D0BC4290AED5700006486 /* Debug */,
				E74D0BC5290AED5700006486 /* Release */,
			);
			defaultConfigurationIsVisible = 0;
			defaultConfigurationName = Release;
		};
/* End XCConfigurationList section */

/* Begin XCRemoteSwiftPackageReference section */
		E7E0211B295775300095D441 /* XCRemoteSwiftPackageReference "firebase-ios-sdk" */ = {
			isa = XCRemoteSwiftPackageReference;
			repositoryURL = "https://github.com/firebase/firebase-ios-sdk";
			requirement = {
				kind = upToNextMajorVersion;
				minimumVersion = 9.0.0;
			};
		};
/* End XCRemoteSwiftPackageReference section */

/* Begin XCSwiftPackageProductDependency section */
		E7E0211C295775300095D441 /* FirebaseAuth */ = {
			isa = XCSwiftPackageProductDependency;
			package = E7E0211B295775300095D441 /* XCRemoteSwiftPackageReference "firebase-ios-sdk" */;
			productName = FirebaseAuth;
		};
		E7E0211E295775300095D441 /* FirebaseDatabase */ = {
			isa = XCSwiftPackageProductDependency;
			package = E7E0211B295775300095D441 /* XCRemoteSwiftPackageReference "firebase-ios-sdk" */;
			productName = FirebaseDatabase;
		};
		E7E02120295775300095D441 /* FirebaseFirestore */ = {
			isa = XCSwiftPackageProductDependency;
			package = E7E0211B295775300095D441 /* XCRemoteSwiftPackageReference "firebase-ios-sdk" */;
			productName = FirebaseFirestore;
		};
		E7E02122295775300095D441 /* FirebaseStorage */ = {
			isa = XCSwiftPackageProductDependency;
			package = E7E0211B295775300095D441 /* XCRemoteSwiftPackageReference "firebase-ios-sdk" */;
			productName = FirebaseStorage;
		};
/* End XCSwiftPackageProductDependency section */
	};
	rootObject = E74D0BAD290AED5500006486 /* Project object */;
}
